PODS:
  - emoji_picker (0.0.3):
    - Flutter
  - flashy_tab_bar (0.0.1):
    - Flutter
  - Flutter (1.0.0)
  - flutter_local_notifications (0.0.1):
    - Flutter
  - share_it (0.0.1):
    - Flutter
  - shared_preferences (0.0.1):
    - Flutter

DEPENDENCIES:
  - emoji_picker (from `.symlinks/plugins/emoji_picker/ios`)
  - flashy_tab_bar (from `.symlinks/plugins/flashy_tab_bar/ios`)
  - Flutter (from `Flutter`)
  - flutter_local_notifications (from `.symlinks/plugins/flutter_local_notifications/ios`)
  - share_it (from `.symlinks/plugins/share_it/ios`)
  - shared_preferences (from `.symlinks/plugins/shared_preferences/ios`)

EXTERNAL SOURCES:
  emoji_picker:
    :path: ".symlinks/plugins/emoji_picker/ios"
  flashy_tab_bar:
    :path: ".symlinks/plugins/flashy_tab_bar/ios"
  Flutter:
    :path: Flutter
  flutter_local_notifications:
    :path: ".symlinks/plugins/flutter_local_notifications/ios"
  share_it:
    :path: ".symlinks/plugins/share_it/ios"
  shared_preferences:
    :path: ".symlinks/plugins/shared_preferences/ios"

SPEC CHECKSUMS:
  emoji_picker: 0e868059aa18f9473d234f3d0701fbd4d5fd310c
  flashy_tab_bar: 4ce02dcf78db98c6a4a4bbf2ea1f4f4f592a5c45
  Flutter: 0e3d915762c693b495b44d77113d4970485de6ec
  flutter_local_notifications: 9e4738ce2471c5af910d961a6b7eadcf57c50186
  share_it: af24c7b9b9d926bee9d2a5a7bb513576d398af2e
  shared_preferences: af6bfa751691cdc24be3045c43ec037377ada40d

PODFILE CHECKSUM: aafe91acc616949ddb318b77800a7f51bffa2a4c

COCOAPODS: 1.8.4
